PODS:
  - Alamofire (3.4.1)
  - CHTCollectionViewWaterfallLayout (0.9.4):
    - CHTCollectionViewWaterfallLayout/ObjC (= 0.9.4)
  - CHTCollectionViewWaterfallLayout/ObjC (0.9.4)
  - DACircularProgress (2.3.1)
  - IDMPhotoBrowser (1.8.4):
    - DACircularProgress
    - pop
    - SDWebImage
  - MJRefresh (3.1.12)
  - Moya (7.0.0):
    - Moya/Core (= 7.0.0)
  - Moya/Core (7.0.0):
    - Alamofire (~> 3.0)
    - Result (~> 2.0)
  - Moya/RxSwift (7.0.0):
    - Moya/Core
    - RxSwift (~> 2.0)
  - NJKWebViewProgress (0.2.3):
    - NJKWebViewProgress/Core (= 0.2.3)
    - NJKWebViewProgress/ProgressView (= 0.2.3)
  - NJKWebViewProgress/Core (0.2.3)
  - NJKWebViewProgress/ProgressView (0.2.3)
  - ObjectMapper (1.3.0)
  - PageMenu (1.2.9)
  - pop (1.0.9)
  - Result (2.1.3)
  - RxCocoa (2.6.0):
    - RxSwift (~> 2.5)
  - RxSwift (2.6.0)
  - SDWebImage (3.8.1):
    - SDWebImage/Core (= 3.8.1)
  - SDWebImage/Core (3.8.1)
  - Toast-Swift (1.3.0)

DEPENDENCIES:
  - Alamofire (~> 3.4)
  - CHTCollectionViewWaterfallLayout (~> 0.9.4)
  - IDMPhotoBrowser
  - MJRefresh
  - Moya
  - Moya/RxSwift
  - NJKWebViewProgress
  - ObjectMapper (~> 1.3)
  - PageMenu
  - RxCocoa (~> 2.0)
  - RxSwift (~> 2.0)
  - SDWebImage (~> 3.7)
  - Toast-Swift (~> 1.3.0)

SPEC CHECKSUMS:
  Alamofire: 01a82e2f6c0f860ade35534c8dd88be61bdef40c
  CHTCollectionViewWaterfallLayout: db74be9135826d285f45ff163fd090e57c99fc50
  DACircularProgress: 4dd437c0fc3da5161cb289e07ac449493d41db71
  IDMPhotoBrowser: b574fe3229754e701f32df271afbc4ac7e4e1997
  MJRefresh: b96cdb21c4aa75a7b07654311ab2f315c497e806
  Moya: f004b82418fb8165ee1fc9f86190db4b3611fda9
  NJKWebViewProgress: f481fd424cb5ecc27eacae11b5397db92fba9a4d
  ObjectMapper: 4eb08a726e9791a93b2632049951b56a7c17e471
  PageMenu: ba19ff267f7a19e444e93c20a7847b78954a7011
  pop: f667631a5108a2e60d9e8797c9b32ddaf2080bce
  Result: 18e1a7597fbcca5923c565b40a25a98afafdee02
  RxCocoa: 89ab00d5753502520227940e3a0e0a0413683c6b
  RxSwift: 77f3a0b15324baa7a1c9bfa9f199648a82424e26
  SDWebImage: 35f9627a3e44b4f292a8a8ce6a531fa488239b91
  Toast-Swift: 25c3d98db42dc70d9a77b5006ee000e0becb458e

PODFILE CHECKSUM: 60020ee1a1a5594ede3198fbe314663a5e69a50f

COCOAPODS: 1.0.1
